
Microsoft Visual Studio Solution File, Format Version 12.00
# Visual Studio Version 17
VisualStudioVersion = 17.3.32929.385
MinimumVisualStudioVersion = 10.0.40219.1
Project("{8BC9CEB8-8B4A-11D0-8D11-00A0C91BC942}") = "Assignment6", "Assignment6.vcxproj", "{BF3B5328-EB6B-47C3-8878-75B5D3AA23DF}"
EndProject
Global
	GlobalSection(SolutionConfigurationPlatforms) = preSolution
		Debug|x64 = Debug|x64
		Debug|x86 = Debug|x86
		Release|x64 = Release|x64
		Release|x86 = Release|x86
	EndGlobalSection
	GlobalSection(ProjectConfigurationPlatforms) = postSolution
		{BF3B5328-EB6B-47C3-8878-75B5D3AA23DF}.Debug|x64.ActiveCfg = Debug|x64
		{BF3B5328-EB6B-47C3-8878-75B5D3AA23DF}.Debug|x64.Build.0 = Debug|x64
		{BF3B5328-EB6B-47C3-8878-75B5D3AA23DF}.Debug|x86.ActiveCfg = Debug|Win32
		{BF3B5328-EB6B-47C3-8878-75B5D3AA23DF}.Debug|x86.Build.0 = Debug|Win32
		{BF3B5328-EB6B-47C3-8878-75B5D3AA23DF}.Release|x64.ActiveCfg = Release|x64
		{BF3B5328-EB6B-47C3-8878-75B5D3AA23DF}.Release|x64.Build.0 = Release|x64
		{BF3B5328-EB6B-47C3-8878-75B5D3AA23DF}.Release|x86.ActiveCfg = Release|Win32
		{BF3B5328-EB6B-47C3-8878-75B5D3AA23DF}.Release|x86.Build.0 = Release|Win32
	EndGlobalSection
	GlobalSection(SolutionProperties) = preSolution
		HideSolutionNode = FALSE
	EndGlobalSection
	GlobalSection(ExtensibilityGlobals) = postSolution
		SolutionGuid = {7B639703-8168-42BE-8152-0E171B60D286}
	EndGlobalSection
EndGlobal
